<?xml version="1.0" encoding="UTF-8"?>
<!DOCTYPE plist PUBLIC "-//Apple//DTD PLIST 1.0//EN" "http://www.apple.com/DTDs/PropertyList-1.0.dtd">
<plist version="1.0">
<dict>
	<key>archiveVersion</key>
	<string>1</string>
	<key>classes</key>
	<dict/>
	<key>objectVersion</key>
	<string>46</string>
	<key>objects</key>
	<dict>
		<key>04290C38192F85D600C1325C</key>
		<dict>
			<key>children</key>
			<array>
				<string>04290C39192F85E000C1325C</string>
			</array>
			<key>isa</key>
			<string>PBXGroup</string>
			<key>name</key>
			<string>Data</string>
			<key>sourceTree</key>
			<string>&lt;group&gt;</string>
		</dict>
		<key>04290C39192F85E000C1325C</key>
		<dict>
			<key>children</key>
			<array>
				<string>04290C3A192F861C00C1325C</string>
				<string>04290C3B192F861C00C1325C</string>
				<string>04290C3D192F88F200C1325C</string>
			</array>
			<key>isa</key>
			<string>PBXGroup</string>
			<key>name</key>
			<string>Messages</string>
			<key>sourceTree</key>
			<string>&lt;group&gt;</string>
		</dict>
		<key>04290C3A192F861C00C1325C</key>
		<dict>
			<key>fileEncoding</key>
			<string>4</string>
			<key>isa</key>
			<string>PBXFileReference</string>
			<key>lastKnownFileType</key>
			<string>sourcecode.c.h</string>
			<key>path</key>
			<string>Messages.h</string>
			<key>sourceTree</key>
			<string>&lt;group&gt;</string>
		</dict>
		<key>04290C3B192F861C00C1325C</key>
		<dict>
			<key>fileEncoding</key>
			<string>4</string>
			<key>isa</key>
			<string>PBXFileReference</string>
			<key>lastKnownFileType</key>
			<string>sourcecode.c.objc</string>
			<key>path</key>
			<string>Messages.m</string>
			<key>sourceTree</key>
			<string>&lt;group&gt;</string>
		</dict>
		<key>04290C3C192F861C00C1325C</key>
		<dict>
			<key>fileRef</key>
			<string>04290C3B192F861C00C1325C</string>
			<key>isa</key>
			<string>PBXBuildFile</string>
		</dict>
		<key>04290C3D192F88F200C1325C</key>
		<dict>
			<key>children</key>
			<array>
				<string>04290C3E192F890400C1325C</string>
				<string>04290C3F192F890400C1325C</string>
			</array>
			<key>isa</key>
			<string>PBXGroup</string>
			<key>name</key>
			<string>MessageFactory</string>
			<key>sourceTree</key>
			<string>&lt;group&gt;</string>
		</dict>
		<key>04290C3E192F890400C1325C</key>
		<dict>
			<key>fileEncoding</key>
			<string>4</string>
			<key>isa</key>
			<string>PBXFileReference</string>
			<key>lastKnownFileType</key>
			<string>sourcecode.c.h</string>
			<key>path</key>
			<string>MessageFactory.h</string>
			<key>sourceTree</key>
			<string>&lt;group&gt;</string>
		</dict>
		<key>04290C3F192F890400C1325C</key>
		<dict>
			<key>fileEncoding</key>
			<string>4</string>
			<key>isa</key>
			<string>PBXFileReference</string>
			<key>lastKnownFileType</key>
			<string>sourcecode.c.objc</string>
			<key>path</key>
			<string>MessageFactory.m</string>
			<key>sourceTree</key>
			<string>&lt;group&gt;</string>
		</dict>
		<key>04290C40192F890400C1325C</key>
		<dict>
			<key>fileRef</key>
			<string>04290C3F192F890400C1325C</string>
			<key>isa</key>
			<string>PBXBuildFile</string>
		</dict>
		<key>04290C41192F8B5C00C1325C</key>
		<dict>
			<key>fileEncoding</key>
			<string>4</string>
			<key>isa</key>
			<string>PBXFileReference</string>
			<key>lastKnownFileType</key>
			<string>text.json</string>
			<key>path</key>
			<string>messages.json</string>
			<key>sourceTree</key>
			<string>&lt;group&gt;</string>
		</dict>
		<key>04290C42192F8B5C00C1325C</key>
		<dict>
			<key>fileRef</key>
			<string>04290C41192F8B5C00C1325C</string>
			<key>isa</key>
			<string>PBXBuildFile</string>
		</dict>
		<key>04580BDE192CDDA4008B0A2C</key>
		<dict>
			<key>children</key>
			<array>
				<string>527D6D77192E818F001B7BEA</string>
				<string>04580BF0192CDDA4008B0A2C</string>
				<string>04580C09192CDDA4008B0A2C</string>
				<string>04580BE9192CDDA4008B0A2C</string>
				<string>04580BE8192CDDA4008B0A2C</string>
				<string>2734239BFCED45E4912A3240</string>
			</array>
			<key>isa</key>
			<string>PBXGroup</string>
			<key>sourceTree</key>
			<string>&lt;group&gt;</string>
		</dict>
		<key>04580BDF192CDDA4008B0A2C</key>
		<dict>
			<key>attributes</key>
			<dict>
				<key>LastUpgradeCheck</key>
				<string>0510</string>
				<key>ORGANIZATIONNAME</key>
				<string>Volpe Salvatore</string>
				<key>TargetAttributes</key>
				<dict>
					<key>04580C01192CDDA4008B0A2C</key>
					<dict>
						<key>TestTargetID</key>
						<string>04580BE6192CDDA4008B0A2C</string>
					</dict>
				</dict>
			</dict>
			<key>buildConfigurationList</key>
			<string>04580BE2192CDDA4008B0A2C</string>
			<key>compatibilityVersion</key>
			<string>Xcode 3.2</string>
			<key>developmentRegion</key>
			<string>English</string>
			<key>hasScannedForEncodings</key>
			<string>0</string>
			<key>isa</key>
			<string>PBXProject</string>
			<key>knownRegions</key>
			<array>
				<string>en</string>
			</array>
			<key>mainGroup</key>
			<string>04580BDE192CDDA4008B0A2C</string>
			<key>productRefGroup</key>
			<string>04580BE8192CDDA4008B0A2C</string>
			<key>projectDirPath</key>
			<string></string>
			<key>projectReferences</key>
			<array/>
			<key>projectRoot</key>
			<string></string>
			<key>targets</key>
			<array>
				<string>04580BE6192CDDA4008B0A2C</string>
				<string>04580C01192CDDA4008B0A2C</string>
			</array>
		</dict>
		<key>04580BE2192CDDA4008B0A2C</key>
		<dict>
			<key>buildConfigurations</key>
			<array>
				<string>04580C11192CDDA4008B0A2C</string>
				<string>04580C12192CDDA4008B0A2C</string>
			</array>
			<key>defaultConfigurationIsVisible</key>
			<string>0</string>
			<key>defaultConfigurationName</key>
			<string>Release</string>
			<key>isa</key>
			<string>XCConfigurationList</string>
		</dict>
		<key>04580BE3192CDDA4008B0A2C</key>
		<dict>
			<key>buildActionMask</key>
			<string>2147483647</string>
			<key>files</key>
			<array>
				<string>04580C37192CF006008B0A2C</string>
				<string>04580C2B192CEA2E008B0A2C</string>
				<string>04580BFB192CDDA4008B0A2C</string>
				<string>04C867F7192D19EF0035FEB1</string>
				<string>04580BF7192CDDA4008B0A2C</string>
				<string>04580C25192CE05F008B0A2C</string>
				<string>04290C40192F890400C1325C</string>
				<string>04580C34192CEFFD008B0A2C</string>
				<string>04290C3C192F861C00C1325C</string>
				<string>04580C2F192CEAAC008B0A2C</string>
			</array>
			<key>isa</key>
			<string>PBXSourcesBuildPhase</string>
			<key>runOnlyForDeploymentPostprocessing</key>
			<string>0</string>
		</dict>
		<key>04580BE4192CDDA4008B0A2C</key>
		<dict>
			<key>buildActionMask</key>
			<string>2147483647</string>
			<key>files</key>
			<array>
				<string>04580C39192CF202008B0A2C</string>
				<string>04580BED192CDDA4008B0A2C</string>
				<string>04580BEF192CDDA4008B0A2C</string>
				<string>04580BEB192CDDA4008B0A2C</string>
				<string>1A07E570FF08461687426531</string>
			</array>
			<key>isa</key>
			<string>PBXFrameworksBuildPhase</string>
			<key>runOnlyForDeploymentPostprocessing</key>
			<string>0</string>
		</dict>
		<key>04580BE5192CDDA4008B0A2C</key>
		<dict>
			<key>buildActionMask</key>
			<string>2147483647</string>
			<key>files</key>
			<array>
				<string>04580C3B192D0302008B0A2C</string>
				<string>04290C42192F8B5C00C1325C</string>
				<string>04580C30192CEE75008B0A2C</string>
				<string>04580BF5192CDDA4008B0A2C</string>
			</array>
			<key>isa</key>
			<string>PBXResourcesBuildPhase</string>
			<key>runOnlyForDeploymentPostprocessing</key>
			<string>0</string>
		</dict>
		<key>04580BE6192CDDA4008B0A2C</key>
		<dict>
			<key>buildConfigurationList</key>
			<string>04580C13192CDDA4008B0A2C</string>
			<key>buildPhases</key>
			<array>
				<string>536B949AF6FC45B88DFCCD78</string>
				<string>04580BE3192CDDA4008B0A2C</string>
				<string>04580BE4192CDDA4008B0A2C</string>
				<string>04580BE5192CDDA4008B0A2C</string>
				<string>3819AF26F80C41C68153B1E8</string>
			</array>
			<key>buildRules</key>
			<array/>
			<key>dependencies</key>
			<array/>
			<key>isa</key>
			<string>PBXNativeTarget</string>
			<key>name</key>
			<string>Rasall_chatbox</string>
			<key>productName</key>
			<string>Rasal_chatbox</string>
			<key>productReference</key>
			<string>04580BE7192CDDA4008B0A2C</string>
			<key>productType</key>
			<string>com.apple.product-type.application</string>
		</dict>
		<key>04580BE7192CDDA4008B0A2C</key>
		<dict>
			<key>explicitFileType</key>
			<string>wrapper.application</string>
			<key>includeInIndex</key>
			<string>0</string>
			<key>isa</key>
			<string>PBXFileReference</string>
			<key>path</key>
			<string>Rasall_chatbox.app</string>
			<key>sourceTree</key>
			<string>BUILT_PRODUCTS_DIR</string>
		</dict>
		<key>04580BE8192CDDA4008B0A2C</key>
		<dict>
			<key>children</key>
			<array>
				<string>04580BE7192CDDA4008B0A2C</string>
				<string>04580C02192CDDA4008B0A2C</string>
			</array>
			<key>isa</key>
			<string>PBXGroup</string>
			<key>name</key>
			<string>Products</string>
			<key>sourceTree</key>
			<string>&lt;group&gt;</string>
		</dict>
		<key>04580BE9192CDDA4008B0A2C</key>
		<dict>
			<key>children</key>
			<array>
				<string>04580C38192CF202008B0A2C</string>
				<string>04580BEA192CDDA4008B0A2C</string>
				<string>04580BEC192CDDA4008B0A2C</string>
				<string>04580BEE192CDDA4008B0A2C</string>
				<string>04580C03192CDDA4008B0A2C</string>
				<string>7087ABF7A5CB4C6AAAE59C97</string>
			</array>
			<key>isa</key>
			<string>PBXGroup</string>
			<key>name</key>
			<string>Frameworks</string>
			<key>sourceTree</key>
			<string>&lt;group&gt;</string>
		</dict>
		<key>04580BEA192CDDA4008B0A2C</key>
		<dict>
			<key>isa</key>
			<string>PBXFileReference</string>
			<key>lastKnownFileType</key>
			<string>wrapper.framework</string>
			<key>name</key>
			<string>Foundation.framework</string>
			<key>path</key>
			<string>System/Library/Frameworks/Foundation.framework</string>
			<key>sourceTree</key>
			<string>SDKROOT</string>
		</dict>
		<key>04580BEB192CDDA4008B0A2C</key>
		<dict>
			<key>fileRef</key>
			<string>04580BEA192CDDA4008B0A2C</string>
			<key>isa</key>
			<string>PBXBuildFile</string>
		</dict>
		<key>04580BEC192CDDA4008B0A2C</key>
		<dict>
			<key>isa</key>
			<string>PBXFileReference</string>
			<key>lastKnownFileType</key>
			<string>wrapper.framework</string>
			<key>name</key>
			<string>CoreGraphics.framework</string>
			<key>path</key>
			<string>System/Library/Frameworks/CoreGraphics.framework</string>
			<key>sourceTree</key>
			<string>SDKROOT</string>
		</dict>
		<key>04580BED192CDDA4008B0A2C</key>
		<dict>
			<key>fileRef</key>
			<string>04580BEC192CDDA4008B0A2C</string>
			<key>isa</key>
			<string>PBXBuildFile</string>
		</dict>
		<key>04580BEE192CDDA4008B0A2C</key>
		<dict>
			<key>isa</key>
			<string>PBXFileReference</string>
			<key>lastKnownFileType</key>
			<string>wrapper.framework</string>
			<key>name</key>
			<string>UIKit.framework</string>
			<key>path</key>
			<string>System/Library/Frameworks/UIKit.framework</string>
			<key>sourceTree</key>
			<string>SDKROOT</string>
		</dict>
		<key>04580BEF192CDDA4008B0A2C</key>
		<dict>
			<key>fileRef</key>
			<string>04580BEE192CDDA4008B0A2C</string>
			<key>isa</key>
			<string>PBXBuildFile</string>
		</dict>
		<key>04580BF0192CDDA4008B0A2C</key>
		<dict>
			<key>children</key>
			<array>
				<string>04580BF9192CDDA4008B0A2C</string>
				<string>04580BFA192CDDA4008B0A2C</string>
				<string>04580BF1192CDDA4008B0A2C</string>
				<string>04580C19192CDF8B008B0A2C</string>
				<string>04580C31192CEFE5008B0A2C</string>
				<string>04580C3A192D0302008B0A2C</string>
			</array>
			<key>isa</key>
			<string>PBXGroup</string>
			<key>path</key>
			<string>Rasal_chatbox</string>
			<key>sourceTree</key>
			<string>&lt;group&gt;</string>
		</dict>
		<key>04580BF1192CDDA4008B0A2C</key>
		<dict>
			<key>children</key>
			<array>
				<string>04290C41192F8B5C00C1325C</string>
				<string>04580C3C192D0787008B0A2C</string>
				<string>04580C26192CE9DE008B0A2C</string>
				<string>04580BF2192CDDA4008B0A2C</string>
				<string>04580BF3192CDDA4008B0A2C</string>
				<string>04580BF6192CDDA4008B0A2C</string>
				<string>04580BF8192CDDA4008B0A2C</string>
			</array>
			<key>isa</key>
			<string>PBXGroup</string>
			<key>name</key>
			<string>Supporting Files</string>
			<key>sourceTree</key>
			<string>&lt;group&gt;</string>
		</dict>
		<key>04580BF2192CDDA4008B0A2C</key>
		<dict>
			<key>isa</key>
			<string>PBXFileReference</string>
			<key>lastKnownFileType</key>
			<string>text.plist.xml</string>
			<key>path</key>
			<string>Rasall_chatbox-Info.plist</string>
			<key>sourceTree</key>
			<string>&lt;group&gt;</string>
		</dict>
		<key>04580BF3192CDDA4008B0A2C</key>
		<dict>
			<key>children</key>
			<array>
				<string>04580BF4192CDDA4008B0A2C</string>
			</array>
			<key>isa</key>
			<string>PBXVariantGroup</string>
			<key>name</key>
			<string>InfoPlist.strings</string>
			<key>sourceTree</key>
			<string>&lt;group&gt;</string>
		</dict>
		<key>04580BF4192CDDA4008B0A2C</key>
		<dict>
			<key>isa</key>
			<string>PBXFileReference</string>
			<key>lastKnownFileType</key>
			<string>text.plist.strings</string>
			<key>name</key>
			<string>en</string>
			<key>path</key>
			<string>en.lproj/InfoPlist.strings</string>
			<key>sourceTree</key>
			<string>&lt;group&gt;</string>
		</dict>
		<key>04580BF5192CDDA4008B0A2C</key>
		<dict>
			<key>fileRef</key>
			<string>04580BF3192CDDA4008B0A2C</string>
			<key>isa</key>
			<string>PBXBuildFile</string>
		</dict>
		<key>04580BF6192CDDA4008B0A2C</key>
		<dict>
			<key>isa</key>
			<string>PBXFileReference</string>
			<key>lastKnownFileType</key>
			<string>sourcecode.c.objc</string>
			<key>path</key>
			<string>main.m</string>
			<key>sourceTree</key>
			<string>&lt;group&gt;</string>
		</dict>
		<key>04580BF7192CDDA4008B0A2C</key>
		<dict>
			<key>fileRef</key>
			<string>04580BF6192CDDA4008B0A2C</string>
			<key>isa</key>
			<string>PBXBuildFile</string>
		</dict>
		<key>04580BF8192CDDA4008B0A2C</key>
		<dict>
			<key>isa</key>
			<string>PBXFileReference</string>
			<key>lastKnownFileType</key>
			<string>sourcecode.c.h</string>
			<key>path</key>
			<string>Rasall_chatbox-Prefix.pch</string>
			<key>sourceTree</key>
			<string>&lt;group&gt;</string>
		</dict>
		<key>04580BF9192CDDA4008B0A2C</key>
		<dict>
			<key>isa</key>
			<string>PBXFileReference</string>
			<key>lastKnownFileType</key>
			<string>sourcecode.c.h</string>
			<key>path</key>
			<string>AppDelegate.h</string>
			<key>sourceTree</key>
			<string>&lt;group&gt;</string>
		</dict>
		<key>04580BFA192CDDA4008B0A2C</key>
		<dict>
			<key>isa</key>
			<string>PBXFileReference</string>
			<key>lastKnownFileType</key>
			<string>sourcecode.c.objc</string>
			<key>path</key>
			<string>AppDelegate.m</string>
			<key>sourceTree</key>
			<string>&lt;group&gt;</string>
		</dict>
		<key>04580BFB192CDDA4008B0A2C</key>
		<dict>
			<key>fileRef</key>
			<string>04580BFA192CDDA4008B0A2C</string>
			<key>isa</key>
			<string>PBXBuildFile</string>
		</dict>
		<key>04580BFE192CDDA4008B0A2C</key>
		<dict>
			<key>buildActionMask</key>
			<string>2147483647</string>
			<key>files</key>
			<array>
				<string>04580C10192CDDA4008B0A2C</string>
			</array>
			<key>isa</key>
			<string>PBXSourcesBuildPhase</string>
			<key>runOnlyForDeploymentPostprocessing</key>
			<string>0</string>
		</dict>
		<key>04580BFF192CDDA4008B0A2C</key>
		<dict>
			<key>buildActionMask</key>
			<string>2147483647</string>
			<key>files</key>
			<array>
				<string>04580C04192CDDA4008B0A2C</string>
				<string>04580C06192CDDA4008B0A2C</string>
				<string>04580C05192CDDA4008B0A2C</string>
			</array>
			<key>isa</key>
			<string>PBXFrameworksBuildPhase</string>
			<key>runOnlyForDeploymentPostprocessing</key>
			<string>0</string>
		</dict>
		<key>04580C00192CDDA4008B0A2C</key>
		<dict>
			<key>buildActionMask</key>
			<string>2147483647</string>
			<key>files</key>
			<array>
				<string>04580C0E192CDDA4008B0A2C</string>
			</array>
			<key>isa</key>
			<string>PBXResourcesBuildPhase</string>
			<key>runOnlyForDeploymentPostprocessing</key>
			<string>0</string>
		</dict>
		<key>04580C01192CDDA4008B0A2C</key>
		<dict>
			<key>buildConfigurationList</key>
			<string>04580C16192CDDA4008B0A2C</string>
			<key>buildPhases</key>
			<array>
				<string>04580BFE192CDDA4008B0A2C</string>
				<string>04580BFF192CDDA4008B0A2C</string>
				<string>04580C00192CDDA4008B0A2C</string>
			</array>
			<key>buildRules</key>
			<array/>
			<key>dependencies</key>
			<array>
				<string>04580C08192CDDA4008B0A2C</string>
			</array>
			<key>isa</key>
			<string>PBXNativeTarget</string>
			<key>name</key>
			<string>Rasall_chatboxTests</string>
			<key>productName</key>
			<string>Rasal_chatboxTests</string>
			<key>productReference</key>
			<string>04580C02192CDDA4008B0A2C</string>
			<key>productType</key>
			<string>com.apple.product-type.bundle.unit-test</string>
		</dict>
		<key>04580C02192CDDA4008B0A2C</key>
		<dict>
			<key>explicitFileType</key>
			<string>wrapper.cfbundle</string>
			<key>includeInIndex</key>
			<string>0</string>
			<key>isa</key>
			<string>PBXFileReference</string>
			<key>path</key>
			<string>Rasall_chatboxTests.xctest</string>
			<key>sourceTree</key>
			<string>BUILT_PRODUCTS_DIR</string>
		</dict>
		<key>04580C03192CDDA4008B0A2C</key>
		<dict>
			<key>isa</key>
			<string>PBXFileReference</string>
			<key>lastKnownFileType</key>
			<string>wrapper.framework</string>
			<key>name</key>
			<string>XCTest.framework</string>
			<key>path</key>
			<string>Library/Frameworks/XCTest.framework</string>
			<key>sourceTree</key>
			<string>DEVELOPER_DIR</string>
		</dict>
		<key>04580C04192CDDA4008B0A2C</key>
		<dict>
			<key>fileRef</key>
			<string>04580C03192CDDA4008B0A2C</string>
			<key>isa</key>
			<string>PBXBuildFile</string>
		</dict>
		<key>04580C05192CDDA4008B0A2C</key>
		<dict>
			<key>fileRef</key>
			<string>04580BEA192CDDA4008B0A2C</string>
			<key>isa</key>
			<string>PBXBuildFile</string>
		</dict>
		<key>04580C06192CDDA4008B0A2C</key>
		<dict>
			<key>fileRef</key>
			<string>04580BEE192CDDA4008B0A2C</string>
			<key>isa</key>
			<string>PBXBuildFile</string>
		</dict>
		<key>04580C07192CDDA4008B0A2C</key>
		<dict>
			<key>containerPortal</key>
			<string>04580BDF192CDDA4008B0A2C</string>
			<key>isa</key>
			<string>PBXContainerItemProxy</string>
			<key>proxyType</key>
			<string>1</string>
			<key>remoteGlobalIDString</key>
			<string>04580BE6192CDDA4008B0A2C</string>
			<key>remoteInfo</key>
			<string>Rasal_chatbox</string>
		</dict>
		<key>04580C08192CDDA4008B0A2C</key>
		<dict>
			<key>isa</key>
			<string>PBXTargetDependency</string>
			<key>target</key>
			<string>04580BE6192CDDA4008B0A2C</string>
			<key>targetProxy</key>
			<string>04580C07192CDDA4008B0A2C</string>
		</dict>
		<key>04580C09192CDDA4008B0A2C</key>
		<dict>
			<key>children</key>
			<array>
				<string>04580C0F192CDDA4008B0A2C</string>
				<string>04580C0A192CDDA4008B0A2C</string>
			</array>
			<key>isa</key>
			<string>PBXGroup</string>
			<key>path</key>
			<string>Rasal_chatboxTests</string>
			<key>sourceTree</key>
			<string>&lt;group&gt;</string>
		</dict>
		<key>04580C0A192CDDA4008B0A2C</key>
		<dict>
			<key>children</key>
			<array>
				<string>04580C0B192CDDA4008B0A2C</string>
				<string>04580C0C192CDDA4008B0A2C</string>
			</array>
			<key>isa</key>
			<string>PBXGroup</string>
			<key>name</key>
			<string>Supporting Files</string>
			<key>sourceTree</key>
			<string>&lt;group&gt;</string>
		</dict>
		<key>04580C0B192CDDA4008B0A2C</key>
		<dict>
			<key>isa</key>
			<string>PBXFileReference</string>
			<key>lastKnownFileType</key>
			<string>text.plist.xml</string>
			<key>path</key>
			<string>Rasall_chatboxTests-Info.plist</string>
			<key>sourceTree</key>
			<string>&lt;group&gt;</string>
		</dict>
		<key>04580C0C192CDDA4008B0A2C</key>
		<dict>
			<key>children</key>
			<array>
				<string>04580C0D192CDDA4008B0A2C</string>
			</array>
			<key>isa</key>
			<string>PBXVariantGroup</string>
			<key>name</key>
			<string>InfoPlist.strings</string>
			<key>sourceTree</key>
			<string>&lt;group&gt;</string>
		</dict>
		<key>04580C0D192CDDA4008B0A2C</key>
		<dict>
			<key>isa</key>
			<string>PBXFileReference</string>
			<key>lastKnownFileType</key>
			<string>text.plist.strings</string>
			<key>name</key>
			<string>en</string>
			<key>path</key>
			<string>en.lproj/InfoPlist.strings</string>
			<key>sourceTree</key>
			<string>&lt;group&gt;</string>
		</dict>
		<key>04580C0E192CDDA4008B0A2C</key>
		<dict>
			<key>fileRef</key>
			<string>04580C0C192CDDA4008B0A2C</string>
			<key>isa</key>
			<string>PBXBuildFile</string>
		</dict>
		<key>04580C0F192CDDA4008B0A2C</key>
		<dict>
			<key>isa</key>
			<string>PBXFileReference</string>
			<key>lastKnownFileType</key>
			<string>sourcecode.c.objc</string>
			<key>path</key>
			<string>Rasal_chatboxTests.m</string>
			<key>sourceTree</key>
			<string>&lt;group&gt;</string>
		</dict>
		<key>04580C10192CDDA4008B0A2C</key>
		<dict>
			<key>fileRef</key>
			<string>04580C0F192CDDA4008B0A2C</string>
			<key>isa</key>
			<string>PBXBuildFile</string>
		</dict>
		<key>04580C11192CDDA4008B0A2C</key>
		<dict>
			<key>buildSettings</key>
			<dict>
				<key>ALWAYS_SEARCH_USER_PATHS</key>
				<string>NO</string>
				<key>CLANG_CXX_LANGUAGE_STANDARD</key>
				<string>gnu++0x</string>
				<key>CLANG_CXX_LIBRARY</key>
				<string>libc++</string>
				<key>CLANG_ENABLE_MODULES</key>
				<string>YES</string>
				<key>CLANG_ENABLE_OBJC_ARC</key>
				<string>YES</string>
				<key>CLANG_WARN_BOOL_CONVERSION</key>
				<string>YES</string>
				<key>CLANG_WARN_CONSTANT_CONVERSION</key>
				<string>YES</string>
				<key>CLANG_WARN_DIRECT_OBJC_ISA_USAGE</key>
				<string>YES_ERROR</string>
				<key>CLANG_WARN_EMPTY_BODY</key>
				<string>YES</string>
				<key>CLANG_WARN_ENUM_CONVERSION</key>
				<string>YES</string>
				<key>CLANG_WARN_INT_CONVERSION</key>
				<string>YES</string>
				<key>CLANG_WARN_OBJC_ROOT_CLASS</key>
				<string>YES_ERROR</string>
				<key>CLANG_WARN__DUPLICATE_METHOD_MATCH</key>
				<string>YES</string>
				<key>CODE_SIGN_IDENTITY[sdk=iphoneos*]</key>
				<string>iPhone Developer</string>
				<key>COPY_PHASE_STRIP</key>
				<string>NO</string>
				<key>GCC_C_LANGUAGE_STANDARD</key>
				<string>gnu99</string>
				<key>GCC_DYNAMIC_NO_PIC</key>
				<string>NO</string>
				<key>GCC_OPTIMIZATION_LEVEL</key>
				<string>0</string>
				<key>GCC_PREPROCESSOR_DEFINITIONS</key>
				<array>
					<string>DEBUG=1</string>
					<string>$(inherited)</string>
				</array>
				<key>GCC_SYMBOLS_PRIVATE_EXTERN</key>
				<string>NO</string>
				<key>GCC_WARN_64_TO_32_BIT_CONVERSION</key>
				<string>YES</string>
				<key>GCC_WARN_ABOUT_RETURN_TYPE</key>
				<string>YES_ERROR</string>
				<key>GCC_WARN_UNDECLARED_SELECTOR</key>
				<string>YES</string>
				<key>GCC_WARN_UNINITIALIZED_AUTOS</key>
				<string>YES_AGGRESSIVE</string>
				<key>GCC_WARN_UNUSED_FUNCTION</key>
				<string>YES</string>
				<key>GCC_WARN_UNUSED_VARIABLE</key>
				<string>YES</string>
				<key>IPHONEOS_DEPLOYMENT_TARGET</key>
				<string>7.1</string>
				<key>ONLY_ACTIVE_ARCH</key>
				<string>YES</string>
				<key>SDKROOT</key>
				<string>iphoneos</string>
			</dict>
			<key>isa</key>
			<string>XCBuildConfiguration</string>
			<key>name</key>
			<string>Debug</string>
		</dict>
		<key>04580C12192CDDA4008B0A2C</key>
		<dict>
			<key>buildSettings</key>
			<dict>
				<key>ALWAYS_SEARCH_USER_PATHS</key>
				<string>NO</string>
				<key>CLANG_CXX_LANGUAGE_STANDARD</key>
				<string>gnu++0x</string>
				<key>CLANG_CXX_LIBRARY</key>
				<string>libc++</string>
				<key>CLANG_ENABLE_MODULES</key>
				<string>YES</string>
				<key>CLANG_ENABLE_OBJC_ARC</key>
				<string>YES</string>
				<key>CLANG_WARN_BOOL_CONVERSION</key>
				<string>YES</string>
				<key>CLANG_WARN_CONSTANT_CONVERSION</key>
				<string>YES</string>
				<key>CLANG_WARN_DIRECT_OBJC_ISA_USAGE</key>
				<string>YES_ERROR</string>
				<key>CLANG_WARN_EMPTY_BODY</key>
				<string>YES</string>
				<key>CLANG_WARN_ENUM_CONVERSION</key>
				<string>YES</string>
				<key>CLANG_WARN_INT_CONVERSION</key>
				<string>YES</string>
				<key>CLANG_WARN_OBJC_ROOT_CLASS</key>
				<string>YES_ERROR</string>
				<key>CLANG_WARN__DUPLICATE_METHOD_MATCH</key>
				<string>YES</string>
				<key>CODE_SIGN_IDENTITY[sdk=iphoneos*]</key>
				<string>iPhone Developer</string>
				<key>COPY_PHASE_STRIP</key>
				<string>YES</string>
				<key>ENABLE_NS_ASSERTIONS</key>
				<string>NO</string>
				<key>GCC_C_LANGUAGE_STANDARD</key>
				<string>gnu99</string>
				<key>GCC_WARN_64_TO_32_BIT_CONVERSION</key>
				<string>YES</string>
				<key>GCC_WARN_ABOUT_RETURN_TYPE</key>
				<string>YES_ERROR</string>
				<key>GCC_WARN_UNDECLARED_SELECTOR</key>
				<string>YES</string>
				<key>GCC_WARN_UNINITIALIZED_AUTOS</key>
				<string>YES_AGGRESSIVE</string>
				<key>GCC_WARN_UNUSED_FUNCTION</key>
				<string>YES</string>
				<key>GCC_WARN_UNUSED_VARIABLE</key>
				<string>YES</string>
				<key>IPHONEOS_DEPLOYMENT_TARGET</key>
				<string>7.1</string>
				<key>SDKROOT</key>
				<string>iphoneos</string>
				<key>VALIDATE_PRODUCT</key>
				<string>YES</string>
			</dict>
			<key>isa</key>
			<string>XCBuildConfiguration</string>
			<key>name</key>
			<string>Release</string>
		</dict>
		<key>04580C13192CDDA4008B0A2C</key>
		<dict>
			<key>buildConfigurations</key>
			<array>
				<string>04580C14192CDDA4008B0A2C</string>
				<string>04580C15192CDDA4008B0A2C</string>
			</array>
			<key>defaultConfigurationIsVisible</key>
			<string>0</string>
			<key>defaultConfigurationName</key>
			<string>Release</string>
			<key>isa</key>
			<string>XCConfigurationList</string>
		</dict>
		<key>04580C14192CDDA4008B0A2C</key>
		<dict>
			<key>baseConfigurationReference</key>
			<string>2734239BFCED45E4912A3240</string>
			<key>buildSettings</key>
			<dict>
				<key>ASSETCATALOG_COMPILER_APPICON_NAME</key>
				<string>AppIcon</string>
				<key>ASSETCATALOG_COMPILER_LAUNCHIMAGE_NAME</key>
				<string>LaunchImage</string>
				<key>GCC_PRECOMPILE_PREFIX_HEADER</key>
				<string>YES</string>
				<key>GCC_PREFIX_HEADER</key>
				<string>Rasal_chatbox/Rasall_chatbox-Prefix.pch</string>
				<key>INFOPLIST_FILE</key>
				<string>Rasal_chatbox/Rasall_chatbox-Info.plist</string>
				<key>PRODUCT_NAME</key>
				<string>Rasall_chatbox</string>
				<key>WRAPPER_EXTENSION</key>
				<string>app</string>
			</dict>
			<key>isa</key>
			<string>XCBuildConfiguration</string>
			<key>name</key>
			<string>Debug</string>
		</dict>
		<key>04580C15192CDDA4008B0A2C</key>
		<dict>
			<key>baseConfigurationReference</key>
			<string>2734239BFCED45E4912A3240</string>
			<key>buildSettings</key>
			<dict>
				<key>ASSETCATALOG_COMPILER_APPICON_NAME</key>
				<string>AppIcon</string>
				<key>ASSETCATALOG_COMPILER_LAUNCHIMAGE_NAME</key>
				<string>LaunchImage</string>
				<key>GCC_PRECOMPILE_PREFIX_HEADER</key>
				<string>YES</string>
				<key>GCC_PREFIX_HEADER</key>
				<string>Rasal_chatbox/Rasall_chatbox-Prefix.pch</string>
				<key>INFOPLIST_FILE</key>
				<string>Rasal_chatbox/Rasall_chatbox-Info.plist</string>
				<key>PRODUCT_NAME</key>
				<string>Rasall_chatbox</string>
				<key>WRAPPER_EXTENSION</key>
				<string>app</string>
			</dict>
			<key>isa</key>
			<string>XCBuildConfiguration</string>
			<key>name</key>
			<string>Release</string>
		</dict>
		<key>04580C16192CDDA4008B0A2C</key>
		<dict>
			<key>buildConfigurations</key>
			<array>
				<string>04580C17192CDDA4008B0A2C</string>
				<string>04580C18192CDDA4008B0A2C</string>
			</array>
			<key>defaultConfigurationIsVisible</key>
			<string>0</string>
			<key>defaultConfigurationName</key>
			<string>Release</string>
			<key>isa</key>
			<string>XCConfigurationList</string>
		</dict>
		<key>04580C17192CDDA4008B0A2C</key>
		<dict>
			<key>buildSettings</key>
			<dict>
				<key>BUNDLE_LOADER</key>
				<string>$(BUILT_PRODUCTS_DIR)/Rasal_chatbox.app/Rasal_chatbox</string>
				<key>FRAMEWORK_SEARCH_PATHS</key>
				<array>
					<string>$(SDKROOT)/Developer/Library/Frameworks</string>
					<string>$(inherited)</string>
					<string>$(DEVELOPER_FRAMEWORKS_DIR)</string>
				</array>
				<key>GCC_PRECOMPILE_PREFIX_HEADER</key>
				<string>YES</string>
				<key>GCC_PREFIX_HEADER</key>
				<string>Rasal_chatbox/Rasal_chatbox-Prefix.pch</string>
				<key>GCC_PREPROCESSOR_DEFINITIONS</key>
				<array>
					<string>DEBUG=1</string>
					<string>$(inherited)</string>
				</array>
				<key>INFOPLIST_FILE</key>
				<string>Rasal_chatboxTests/Rasall_chatboxTests-Info.plist</string>
				<key>PRODUCT_NAME</key>
				<string>Rasall_chatboxTests</string>
				<key>TEST_HOST</key>
				<string>$(BUNDLE_LOADER)</string>
				<key>WRAPPER_EXTENSION</key>
				<string>xctest</string>
			</dict>
			<key>isa</key>
			<string>XCBuildConfiguration</string>
			<key>name</key>
			<string>Debug</string>
		</dict>
		<key>04580C18192CDDA4008B0A2C</key>
		<dict>
			<key>buildSettings</key>
			<dict>
				<key>BUNDLE_LOADER</key>
				<string>$(BUILT_PRODUCTS_DIR)/Rasal_chatbox.app/Rasal_chatbox</string>
				<key>FRAMEWORK_SEARCH_PATHS</key>
				<array>
					<string>$(SDKROOT)/Developer/Library/Frameworks</string>
					<string>$(inherited)</string>
					<string>$(DEVELOPER_FRAMEWORKS_DIR)</string>
				</array>
				<key>GCC_PRECOMPILE_PREFIX_HEADER</key>
				<string>YES</string>
				<key>GCC_PREFIX_HEADER</key>
				<string>Rasal_chatbox/Rasal_chatbox-Prefix.pch</string>
				<key>INFOPLIST_FILE</key>
				<string>Rasal_chatboxTests/Rasall_chatboxTests-Info.plist</string>
				<key>PRODUCT_NAME</key>
				<string>Rasall_chatboxTests</string>
				<key>TEST_HOST</key>
				<string>$(BUNDLE_LOADER)</string>
				<key>WRAPPER_EXTENSION</key>
				<string>xctest</string>
			</dict>
			<key>isa</key>
			<string>XCBuildConfiguration</string>
			<key>name</key>
			<string>Release</string>
		</dict>
		<key>04580C19192CDF8B008B0A2C</key>
		<dict>
			<key>children</key>
			<array>
				<string>04C867F5192D19EF0035FEB1</string>
				<string>04C867F6192D19EF0035FEB1</string>
				<string>04580C44192D0FFA008B0A2C</string>
				<string>04580C28192CEA18008B0A2C</string>
			</array>
			<key>isa</key>
			<string>PBXGroup</string>
			<key>name</key>
			<string>user_overview</string>
			<key>sourceTree</key>
			<string>&lt;group&gt;</string>
		</dict>
		<key>04580C23192CE05F008B0A2C</key>
		<dict>
			<key>fileEncoding</key>
			<string>4</string>
			<key>isa</key>
			<string>PBXFileReference</string>
			<key>lastKnownFileType</key>
			<string>sourcecode.c.h</string>
			<key>path</key>
			<string>UserOverviewTableViewCell.h</string>
			<key>sourceTree</key>
			<string>&lt;group&gt;</string>
		</dict>
		<key>04580C24192CE05F008B0A2C</key>
		<dict>
			<key>fileEncoding</key>
			<string>4</string>
			<key>isa</key>
			<string>PBXFileReference</string>
			<key>lastKnownFileType</key>
			<string>sourcecode.c.objc</string>
			<key>path</key>
			<string>UserOverviewTableViewCell.m</string>
			<key>sourceTree</key>
			<string>&lt;group&gt;</string>
		</dict>
		<key>04580C25192CE05F008B0A2C</key>
		<dict>
			<key>fileRef</key>
			<string>04580C24192CE05F008B0A2C</string>
			<key>isa</key>
			<string>PBXBuildFile</string>
		</dict>
		<key>04580C26192CE9DE008B0A2C</key>
		<dict>
			<key>fileEncoding</key>
			<string>4</string>
			<key>isa</key>
			<string>PBXFileReference</string>
			<key>lastKnownFileType</key>
			<string>text.json</string>
			<key>path</key>
			<string>users.json</string>
			<key>sourceTree</key>
			<string>&lt;group&gt;</string>
		</dict>
		<key>04580C28192CEA18008B0A2C</key>
		<dict>
			<key>children</key>
			<array>
				<string>04580C29192CEA2E008B0A2C</string>
				<string>04580C2A192CEA2E008B0A2C</string>
				<string>04580C2C192CEAA1008B0A2C</string>
			</array>
			<key>isa</key>
			<string>PBXGroup</string>
			<key>name</key>
			<string>Data_users</string>
			<key>sourceTree</key>
			<string>&lt;group&gt;</string>
		</dict>
		<key>04580C29192CEA2E008B0A2C</key>
		<dict>
			<key>fileEncoding</key>
			<string>4</string>
			<key>isa</key>
			<string>PBXFileReference</string>
			<key>lastKnownFileType</key>
			<string>sourcecode.c.h</string>
			<key>path</key>
			<string>User.h</string>
			<key>sourceTree</key>
			<string>&lt;group&gt;</string>
		</dict>
		<key>04580C2A192CEA2E008B0A2C</key>
		<dict>
			<key>fileEncoding</key>
			<string>4</string>
			<key>isa</key>
			<string>PBXFileReference</string>
			<key>lastKnownFileType</key>
			<string>sourcecode.c.objc</string>
			<key>path</key>
			<string>User.m</string>
			<key>sourceTree</key>
			<string>&lt;group&gt;</string>
		</dict>
		<key>04580C2B192CEA2E008B0A2C</key>
		<dict>
			<key>fileRef</key>
			<string>04580C2A192CEA2E008B0A2C</string>
			<key>isa</key>
			<string>PBXBuildFile</string>
		</dict>
		<key>04580C2C192CEAA1008B0A2C</key>
		<dict>
			<key>children</key>
			<array>
				<string>04580C2D192CEAAC008B0A2C</string>
				<string>04580C2E192CEAAC008B0A2C</string>
			</array>
			<key>isa</key>
			<string>PBXGroup</string>
			<key>name</key>
			<string>Factory</string>
			<key>sourceTree</key>
			<string>&lt;group&gt;</string>
		</dict>
		<key>04580C2D192CEAAC008B0A2C</key>
		<dict>
			<key>fileEncoding</key>
			<string>4</string>
			<key>isa</key>
			<string>PBXFileReference</string>
			<key>lastKnownFileType</key>
			<string>sourcecode.c.h</string>
			<key>path</key>
			<string>UserFactory.h</string>
			<key>sourceTree</key>
			<string>&lt;group&gt;</string>
		</dict>
		<key>04580C2E192CEAAC008B0A2C</key>
		<dict>
			<key>fileEncoding</key>
			<string>4</string>
			<key>isa</key>
			<string>PBXFileReference</string>
			<key>lastKnownFileType</key>
			<string>sourcecode.c.objc</string>
			<key>path</key>
			<string>UserFactory.m</string>
			<key>sourceTree</key>
			<string>&lt;group&gt;</string>
		</dict>
		<key>04580C2F192CEAAC008B0A2C</key>
		<dict>
			<key>fileRef</key>
			<string>04580C2E192CEAAC008B0A2C</string>
			<key>isa</key>
			<string>PBXBuildFile</string>
		</dict>
		<key>04580C30192CEE75008B0A2C</key>
		<dict>
			<key>fileRef</key>
			<string>04580C26192CE9DE008B0A2C</string>
			<key>isa</key>
			<string>PBXBuildFile</string>
		</dict>
		<key>04580C31192CEFE5008B0A2C</key>
		<dict>
			<key>children</key>
			<array>
				<string>04580C32192CEFFD008B0A2C</string>
				<string>04580C33192CEFFD008B0A2C</string>
				<string>04580C35192CF006008B0A2C</string>
				<string>04580C36192CF006008B0A2C</string>
				<string>04290C38192F85D600C1325C</string>
			</array>
			<key>isa</key>
			<string>PBXGroup</string>
			<key>name</key>
			<string>chat_view</string>
			<key>sourceTree</key>
			<string>&lt;group&gt;</string>
		</dict>
		<key>04580C32192CEFFD008B0A2C</key>
		<dict>
			<key>fileEncoding</key>
			<string>4</string>
			<key>isa</key>
			<string>PBXFileReference</string>
			<key>lastKnownFileType</key>
			<string>sourcecode.c.h</string>
			<key>path</key>
			<string>ChatViewController.h</string>
			<key>sourceTree</key>
			<string>&lt;group&gt;</string>
		</dict>
		<key>04580C33192CEFFD008B0A2C</key>
		<dict>
			<key>fileEncoding</key>
			<string>4</string>
			<key>isa</key>
			<string>PBXFileReference</string>
			<key>lastKnownFileType</key>
			<string>sourcecode.c.objc</string>
			<key>path</key>
			<string>ChatViewController.m</string>
			<key>sourceTree</key>
			<string>&lt;group&gt;</string>
		</dict>
		<key>04580C34192CEFFD008B0A2C</key>
		<dict>
			<key>fileRef</key>
			<string>04580C33192CEFFD008B0A2C</string>
			<key>isa</key>
			<string>PBXBuildFile</string>
		</dict>
		<key>04580C35192CF006008B0A2C</key>
		<dict>
			<key>fileEncoding</key>
			<string>4</string>
			<key>isa</key>
			<string>PBXFileReference</string>
			<key>lastKnownFileType</key>
			<string>sourcecode.c.h</string>
			<key>path</key>
			<string>ChatView.h</string>
			<key>sourceTree</key>
			<string>&lt;group&gt;</string>
		</dict>
		<key>04580C36192CF006008B0A2C</key>
		<dict>
			<key>fileEncoding</key>
			<string>4</string>
			<key>isa</key>
			<string>PBXFileReference</string>
			<key>lastKnownFileType</key>
			<string>sourcecode.c.objc</string>
			<key>path</key>
			<string>ChatView.m</string>
			<key>sourceTree</key>
			<string>&lt;group&gt;</string>
		</dict>
		<key>04580C37192CF006008B0A2C</key>
		<dict>
			<key>fileRef</key>
			<string>04580C36192CF006008B0A2C</string>
			<key>isa</key>
			<string>PBXBuildFile</string>
		</dict>
		<key>04580C38192CF202008B0A2C</key>
		<dict>
			<key>isa</key>
			<string>PBXFileReference</string>
			<key>lastKnownFileType</key>
			<string>wrapper.framework</string>
			<key>name</key>
			<string>QuartzCore.framework</string>
			<key>path</key>
			<string>System/Library/Frameworks/QuartzCore.framework</string>
			<key>sourceTree</key>
			<string>SDKROOT</string>
		</dict>
		<key>04580C39192CF202008B0A2C</key>
		<dict>
			<key>fileRef</key>
			<string>04580C38192CF202008B0A2C</string>
			<key>isa</key>
			<string>PBXBuildFile</string>
		</dict>
		<key>04580C3A192D0302008B0A2C</key>
		<dict>
			<key>isa</key>
			<string>PBXFileReference</string>
			<key>lastKnownFileType</key>
			<string>folder.assetcatalog</string>
			<key>path</key>
			<string>images.xcassets</string>
			<key>sourceTree</key>
			<string>&lt;group&gt;</string>
		</dict>
		<key>04580C3B192D0302008B0A2C</key>
		<dict>
			<key>fileRef</key>
			<string>04580C3A192D0302008B0A2C</string>
			<key>isa</key>
			<string>PBXBuildFile</string>
		</dict>
		<key>04580C3C192D0787008B0A2C</key>
		<dict>
			<key>isa</key>
			<string>PBXFileReference</string>
			<key>lastKnownFileType</key>
			<string>file</string>
			<key>path</key>
			<string>FatFrankSample-Regular.otf</string>
			<key>sourceTree</key>
			<string>&lt;group&gt;</string>
		</dict>
		<key>04580C44192D0FFA008B0A2C</key>
		<dict>
			<key>children</key>
			<array>
				<string>04580C23192CE05F008B0A2C</string>
				<string>04580C24192CE05F008B0A2C</string>
			</array>
			<key>isa</key>
			<string>PBXGroup</string>
			<key>name</key>
			<string>cell</string>
			<key>sourceTree</key>
			<string>&lt;group&gt;</string>
		</dict>
		<key>04C867F5192D19EF0035FEB1</key>
		<dict>
			<key>fileEncoding</key>
			<string>4</string>
			<key>isa</key>
			<string>PBXFileReference</string>
			<key>lastKnownFileType</key>
			<string>sourcecode.c.h</string>
			<key>path</key>
			<string>UserOverviewTableViewController.h</string>
			<key>sourceTree</key>
			<string>&lt;group&gt;</string>
		</dict>
		<key>04C867F6192D19EF0035FEB1</key>
		<dict>
			<key>fileEncoding</key>
			<string>4</string>
			<key>isa</key>
			<string>PBXFileReference</string>
			<key>lastKnownFileType</key>
			<string>sourcecode.c.objc</string>
			<key>path</key>
			<string>UserOverviewTableViewController.m</string>
			<key>sourceTree</key>
			<string>&lt;group&gt;</string>
		</dict>
		<key>04C867F7192D19EF0035FEB1</key>
		<dict>
			<key>fileRef</key>
			<string>04C867F6192D19EF0035FEB1</string>
			<key>isa</key>
			<string>PBXBuildFile</string>
		</dict>
		<key>1A07E570FF08461687426531</key>
		<dict>
			<key>fileRef</key>
			<string>7087ABF7A5CB4C6AAAE59C97</string>
			<key>isa</key>
			<string>PBXBuildFile</string>
		</dict>
		<key>2734239BFCED45E4912A3240</key>
		<dict>
			<key>includeInIndex</key>
			<string>1</string>
			<key>isa</key>
			<string>PBXFileReference</string>
			<key>lastKnownFileType</key>
			<string>text.xcconfig</string>
			<key>name</key>
			<string>Pods.xcconfig</string>
			<key>path</key>
			<string>Pods/Pods.xcconfig</string>
			<key>sourceTree</key>
			<string>&lt;group&gt;</string>
		</dict>
		<key>3819AF26F80C41C68153B1E8</key>
		<dict>
			<key>buildActionMask</key>
			<string>2147483647</string>
			<key>files</key>
			<array/>
			<key>inputPaths</key>
			<array/>
			<key>isa</key>
			<string>PBXShellScriptBuildPhase</string>
			<key>name</key>
			<string>Copy Pods Resources</string>
			<key>outputPaths</key>
			<array/>
			<key>runOnlyForDeploymentPostprocessing</key>
			<string>0</string>
			<key>shellPath</key>
			<string>/bin/sh</string>
			<key>shellScript</key>
			<string>"${SRCROOT}/Pods/Pods-resources.sh"
</string>
			<key>showEnvVarsInLog</key>
			<string>0</string>
		</dict>
		<key>527D6D74192E818B001B7BEA</key>
		<dict>
			<key>isa</key>
			<string>PBXFileReference</string>
			<key>lastKnownFileType</key>
			<string>file</string>
			<key>path</key>
			<string>Bariol_Regular.otf</string>
			<key>sourceTree</key>
			<string>&lt;group&gt;</string>
		</dict>
		<key>527D6D75192E818B001B7BEA</key>
		<dict>
			<key>isa</key>
			<string>PBXFileReference</string>
			<key>lastKnownFileType</key>
			<string>file</string>
			<key>path</key>
			<string>Bariol-Bold.otf</string>
			<key>sourceTree</key>
			<string>&lt;group&gt;</string>
		</dict>
		<key>527D6D76192E818B001B7BEA</key>
		<dict>
			<key>isa</key>
			<string>PBXFileReference</string>
			<key>lastKnownFileType</key>
			<string>file</string>
			<key>path</key>
			<string>Bariol-Light.otf</string>
			<key>sourceTree</key>
			<string>&lt;group&gt;</string>
		</dict>
		<key>527D6D77192E818F001B7BEA</key>
		<dict>
			<key>children</key>
			<array>
				<string>527D6D74192E818B001B7BEA</string>
				<string>527D6D75192E818B001B7BEA</string>
				<string>527D6D76192E818B001B7BEA</string>
			</array>
			<key>isa</key>
			<string>PBXGroup</string>
			<key>name</key>
			<string>fonts</string>
			<key>sourceTree</key>
			<string>&lt;group&gt;</string>
		</dict>
		<key>536B949AF6FC45B88DFCCD78</key>
		<dict>
			<key>buildActionMask</key>
			<string>2147483647</string>
			<key>files</key>
			<array/>
			<key>inputPaths</key>
			<array/>
			<key>isa</key>
			<string>PBXShellScriptBuildPhase</string>
			<key>name</key>
			<string>Check Pods Manifest.lock</string>
			<key>outputPaths</key>
			<array/>
			<key>runOnlyForDeploymentPostprocessing</key>
			<string>0</string>
			<key>shellPath</key>
			<string>/bin/sh</string>
			<key>shellScript</key>
			<string>diff "${PODS_ROOT}/../Podfile.lock" "${PODS_ROOT}/Manifest.lock" &gt; /dev/null
if [[ $? != 0 ]] ; then
    cat &lt;&lt; EOM
error: The sandbox is not in sync with the Podfile.lock. Run 'pod install' or update your CocoaPods installation.
EOM
    exit 1
fi
</string>
			<key>showEnvVarsInLog</key>
			<string>0</string>
		</dict>
		<key>7087ABF7A5CB4C6AAAE59C97</key>
		<dict>
			<key>explicitFileType</key>
			<string>archive.ar</string>
			<key>includeInIndex</key>
			<string>0</string>
			<key>isa</key>
			<string>PBXFileReference</string>
			<key>path</key>
			<string>libPods.a</string>
			<key>sourceTree</key>
			<string>BUILT_PRODUCTS_DIR</string>
		</dict>
	</dict>
	<key>rootObject</key>
	<string>04580BDF192CDDA4008B0A2C</string>
</dict>
</plist>
